
Microsoft Visual Studio Solution File, Format Version 12.00
# Visual Studio Version 17
VisualStudioVersion = 17.0.31903.59
MinimumVisualStudioVersion = 10.0.40219.1
Project("{9A19103F-16F7-4668-BE54-9A1E7A4F7556}") = "CSVComparison", "CSVComparison\CSVComparison.csproj", "{885DEBB0-D776-41A9-A0EB-328D43211E64}"
EndProject
Project("{9A19103F-16F7-4668-BE54-9A1E7A4F7556}") = "CSVComparisonTests", "CSVComparisonTests\CSVComparisonTests.csproj", "{06E886F4-08AC-4837-AFE9-BF5C6E786099}"
EndProject
Project("{9A19103F-16F7-4668-BE54-9A1E7A4F7556}") = "TestDataGenerator", "TestDataGenerator\TestDataGenerator.csproj", "{B719C3E6-6F53-42D1-97AB-CC5AB19C140C}"
EndProject
Project("{9A19103F-16F7-4668-BE54-9A1E7A4F7556}") = "ComparisonRunner", "ComparisonRunner\ComparisonRunner.csproj", "{8CA0DB2B-C46E-4272-90F9-D9E767E55D16}"
EndProject
Project("{FAE04EC0-301F-11D3-BF4B-00C04F79EFBC}") = "Benchmark", "Benchmark\Benchmark.csproj", "{E32B60A7-18AB-4744-8DF3-A70A499EE249}"
EndProject
Global
	GlobalSection(SolutionConfigurationPlatforms) = preSolution
		Debug|Any CPU = Debug|Any CPU
		Release|Any CPU = Release|Any CPU
	EndGlobalSection
	GlobalSection(ProjectConfigurationPlatforms) = postSolution
		{885DEBB0-D776-41A9-A0EB-328D43211E64}.Debug|Any CPU.ActiveCfg = Debug|Any CPU
		{885DEBB0-D776-41A9-A0EB-328D43211E64}.Debug|Any CPU.Build.0 = Debug|Any CPU
		{885DEBB0-D776-41A9-A0EB-328D43211E64}.Release|Any CPU.ActiveCfg = Release|Any CPU
		{885DEBB0-D776-41A9-A0EB-328D43211E64}.Release|Any CPU.Build.0 = Release|Any CPU
		{06E886F4-08AC-4837-AFE9-BF5C6E786099}.Debug|Any CPU.ActiveCfg = Debug|Any CPU
		{06E886F4-08AC-4837-AFE9-BF5C6E786099}.Debug|Any CPU.Build.0 = Debug|Any CPU
		{06E886F4-08AC-4837-AFE9-BF5C6E786099}.Release|Any CPU.ActiveCfg = Release|Any CPU
		{06E886F4-08AC-4837-AFE9-BF5C6E786099}.Release|Any CPU.Build.0 = Release|Any CPU
		{B719C3E6-6F53-42D1-97AB-CC5AB19C140C}.Debug|Any CPU.ActiveCfg = Debug|Any CPU
		{B719C3E6-6F53-42D1-97AB-CC5AB19C140C}.Debug|Any CPU.Build.0 = Debug|Any CPU
		{B719C3E6-6F53-42D1-97AB-CC5AB19C140C}.Release|Any CPU.ActiveCfg = Release|Any CPU
		{B719C3E6-6F53-42D1-97AB-CC5AB19C140C}.Release|Any CPU.Build.0 = Release|Any CPU
		{8CA0DB2B-C46E-4272-90F9-D9E767E55D16}.Debug|Any CPU.ActiveCfg = Debug|Any CPU
		{8CA0DB2B-C46E-4272-90F9-D9E767E55D16}.Debug|Any CPU.Build.0 = Debug|Any CPU
		{8CA0DB2B-C46E-4272-90F9-D9E767E55D16}.Release|Any CPU.ActiveCfg = Release|Any CPU
		{8CA0DB2B-C46E-4272-90F9-D9E767E55D16}.Release|Any CPU.Build.0 = Release|Any CPU
		{E32B60A7-18AB-4744-8DF3-A70A499EE249}.Debug|Any CPU.ActiveCfg = Debug|Any CPU
		{E32B60A7-18AB-4744-8DF3-A70A499EE249}.Debug|Any CPU.Build.0 = Debug|Any CPU
		{E32B60A7-18AB-4744-8DF3-A70A499EE249}.Release|Any CPU.ActiveCfg = Release|Any CPU
		{E32B60A7-18AB-4744-8DF3-A70A499EE249}.Release|Any CPU.Build.0 = Release|Any CPU
	EndGlobalSection
	GlobalSection(SolutionProperties) = preSolution
		HideSolutionNode = FALSE
	EndGlobalSection
	GlobalSection(ExtensibilityGlobals) = postSolution
		SolutionGuid = {6EB4BB99-C688-4738-A97D-556A0927444E}
	EndGlobalSection
EndGlobal
